
Microsoft Visual Studio Solution File, Format Version 12.00
# Visual Studio Version 17
VisualStudioVersion = 17.10.34825.169
MinimumVisualStudioVersion = 10.0.40219.1
Project("{9A19103F-16F7-4668-BE54-9A1E7A4F7556}") = "BlogServer", "BlogServer.csproj", "{EC4A60E7-1C13-4084-91C5-67310F0933B8}"
EndProject
Project("{2150E333-8FDC-42A3-9474-1A3956D46DE8}") = "Solution Items", "Solution Items", "{918AEF31-D495-4F0D-903A-08644BB7B000}"
	ProjectSection(SolutionItems) = preProject
		README.md = README.md
	EndProjectSection
EndProject
Global
	GlobalSection(SolutionConfigurationPlatforms) = preSolution
		Debug|Any CPU = Debug|Any CPU
		Release|Any CPU = Release|Any CPU
	EndGlobalSection
	GlobalSection(ProjectConfigurationPlatforms) = postSolution
		{EC4A60E7-1C13-4084-91C5-67310F0933B8}.Debug|Any CPU.ActiveCfg = Debug|Any CPU
		{EC4A60E7-1C13-4084-91C5-67310F0933B8}.Debug|Any CPU.Build.0 = Debug|Any CPU
		{EC4A60E7-1C13-4084-91C5-67310F0933B8}.Release|Any CPU.ActiveCfg = Release|Any CPU
		{EC4A60E7-1C13-4084-91C5-67310F0933B8}.Release|Any CPU.Build.0 = Release|Any CPU
	EndGlobalSection
	GlobalSection(SolutionProperties) = preSolution
		HideSolutionNode = FALSE
	EndGlobalSection
	GlobalSection(ExtensibilityGlobals) = postSolution
		SolutionGuid = {1D7616BB-352E-4B30-BB98-EE31F1EED992}
	EndGlobalSection
EndGlobal
